
Microsoft Visual Studio Solution File, Format Version 12.00
# Visual Studio Version 17
VisualStudioVersion = 17.7.34024.191
MinimumVisualStudioVersion = 10.0.40219.1
Project("{8BC9CEB8-8B4A-11D0-8D11-00A0C91BC942}") = "Project2", "Project2.vcxproj", "{52C39ED2-FC61-41C0-A62A-A1A83C37E82F}"
EndProject
Global
	GlobalSection(SolutionConfigurationPlatforms) = preSolution
		Debug|x64 = Debug|x64
		Debug|x86 = Debug|x86
		Release|x64 = Release|x64
		Release|x86 = Release|x86
	EndGlobalSection
	GlobalSection(ProjectConfigurationPlatforms) = postSolution
		{52C39ED2-FC61-41C0-A62A-A1A83C37E82F}.Debug|x64.ActiveCfg = Debug|x64
		{52C39ED2-FC61-41C0-A62A-A1A83C37E82F}.Debug|x64.Build.0 = Debug|x64
		{52C39ED2-FC61-41C0-A62A-A1A83C37E82F}.Debug|x86.ActiveCfg = Debug|Win32
		{52C39ED2-FC61-41C0-A62A-A1A83C37E82F}.Debug|x86.Build.0 = Debug|Win32
		{52C39ED2-FC61-41C0-A62A-A1A83C37E82F}.Release|x64.ActiveCfg = Release|x64
		{52C39ED2-FC61-41C0-A62A-A1A83C37E82F}.Release|x64.Build.0 = Release|x64
		{52C39ED2-FC61-41C0-A62A-A1A83C37E82F}.Release|x86.ActiveCfg = Release|Win32
		{52C39ED2-FC61-41C0-A62A-A1A83C37E82F}.Release|x86.Build.0 = Release|Win32
	EndGlobalSection
	GlobalSection(SolutionProperties) = preSolution
		HideSolutionNode = FALSE
	EndGlobalSection
	GlobalSection(ExtensibilityGlobals) = postSolution
		SolutionGuid = {F9877AB8-DBAD-4BEC-A6E2-60F192F49613}
	EndGlobalSection
EndGlobal
