
Microsoft Visual Studio Solution File, Format Version 12.00
# Visual Studio Version 17
VisualStudioVersion = 17.7.34024.191
MinimumVisualStudioVersion = 10.0.40219.1
Project("{8BC9CEB8-8B4A-11D0-8D11-00A0C91BC942}") = "查找素数2", "查找素数2.vcxproj", "{560927C7-D15E-4ADA-B7D0-E11C07F704B5}"
EndProject
Global
	GlobalSection(SolutionConfigurationPlatforms) = preSolution
		Debug|x64 = Debug|x64
		Debug|x86 = Debug|x86
		Release|x64 = Release|x64
		Release|x86 = Release|x86
	EndGlobalSection
	GlobalSection(ProjectConfigurationPlatforms) = postSolution
		{560927C7-D15E-4ADA-B7D0-E11C07F704B5}.Debug|x64.ActiveCfg = Debug|x64
		{560927C7-D15E-4ADA-B7D0-E11C07F704B5}.Debug|x64.Build.0 = Debug|x64
		{560927C7-D15E-4ADA-B7D0-E11C07F704B5}.Debug|x86.ActiveCfg = Debug|Win32
		{560927C7-D15E-4ADA-B7D0-E11C07F704B5}.Debug|x86.Build.0 = Debug|Win32
		{560927C7-D15E-4ADA-B7D0-E11C07F704B5}.Release|x64.ActiveCfg = Release|x64
		{560927C7-D15E-4ADA-B7D0-E11C07F704B5}.Release|x64.Build.0 = Release|x64
		{560927C7-D15E-4ADA-B7D0-E11C07F704B5}.Release|x86.ActiveCfg = Release|Win32
		{560927C7-D15E-4ADA-B7D0-E11C07F704B5}.Release|x86.Build.0 = Release|Win32
	EndGlobalSection
	GlobalSection(SolutionProperties) = preSolution
		HideSolutionNode = FALSE
	EndGlobalSection
	GlobalSection(ExtensibilityGlobals) = postSolution
		SolutionGuid = {C56E29B2-A70C-4B2C-88B6-F3023A2D9B50}
	EndGlobalSection
EndGlobal
